// !$*UTF8*$!
{
	archiveVersion = 1;
	classes = {
	};
	objectVersion = 52;
	objects = {

/* Begin PBXBuildFile section */
		CB1DB8FF26F019C800C5B182 /* Alamofire in Frameworks */ = {isa = PBXBuildFile; productRef = CB1DB8FE26F019C800C5B182 /* Alamofire */; };
		CB218374272274F100FBC792 /* SimpleNetworking.swift in Sources */ = {isa = PBXBuildFile; fileRef = CB218362272274F100FBC792 /* SimpleNetworking.swift */; };
		CB218375272274F100FBC792 /* SN+DeleteMethods.swift in Sources */ = {isa = PBXBuildFile; fileRef = CB218364272274F100FBC792 /* SN+DeleteMethods.swift */; };
		CB218376272274F100FBC792 /* SN+PostMethods.swift in Sources */ = {isa = PBXBuildFile; fileRef = CB218365272274F100FBC792 /* SN+PostMethods.swift */; };
		CB218377272274F100FBC792 /* Encodable+Extensions.swift in Sources */ = {isa = PBXBuildFile; fileRef = CB218366272274F100FBC792 /* Encodable+Extensions.swift */; };
		CB218378272274F100FBC792 /* SN+GetMethods.swift in Sources */ = {isa = PBXBuildFile; fileRef = CB218367272274F100FBC792 /* SN+GetMethods.swift */; };
		CB218379272274F100FBC792 /* SN+PutMethods.swift in Sources */ = {isa = PBXBuildFile; fileRef = CB218368272274F100FBC792 /* SN+PutMethods.swift */; };
		CB21837A272274F100FBC792 /* SN.swift in Sources */ = {isa = PBXBuildFile; fileRef = CB218369272274F100FBC792 /* SN.swift */; };
		CB21837B272274F100FBC792 /* DebugMode.swift in Sources */ = {isa = PBXBuildFile; fileRef = CB21836B272274F100FBC792 /* DebugMode.swift */; };
		CB21837C272274F100FBC792 /* ResultBlocks.swift in Sources */ = {isa = PBXBuildFile; fileRef = CB21836C272274F100FBC792 /* ResultBlocks.swift */; };
		CB21837D272274F100FBC792 /* Validator.swift in Sources */ = {isa = PBXBuildFile; fileRef = CB21836D272274F100FBC792 /* Validator.swift */; };
		CB21837E272274F100FBC792 /* Requests.swift in Sources */ = {isa = PBXBuildFile; fileRef = CB21836E272274F100FBC792 /* Requests.swift */; };
		CB21837F272274F100FBC792 /* SSLConfig.swift in Sources */ = {isa = PBXBuildFile; fileRef = CB21836F272274F100FBC792 /* SSLConfig.swift */; };
		CB218380272274F100FBC792 /* NSURLSessionPinningDelegate.swift in Sources */ = {isa = PBXBuildFile; fileRef = CB218370272274F100FBC792 /* NSURLSessionPinningDelegate.swift */; };
		CB218381272274F100FBC792 /* Thread.swift in Sources */ = {isa = PBXBuildFile; fileRef = CB218371272274F100FBC792 /* Thread.swift */; };
		CB218382272274F100FBC792 /* RequestMethodTypes.swift in Sources */ = {isa = PBXBuildFile; fileRef = CB218372272274F100FBC792 /* RequestMethodTypes.swift */; };
		CB218383272274F100FBC792 /* Errors.swift in Sources */ = {isa = PBXBuildFile; fileRef = CB218373272274F100FBC792 /* Errors.swift */; };
		CB2183872722764400FBC792 /* HomeViewController.swift in Sources */ = {isa = PBXBuildFile; fileRef = CB2183862722764400FBC792 /* HomeViewController.swift */; };
		CB21838A27227A2600FBC792 /* HomeView.swift in Sources */ = {isa = PBXBuildFile; fileRef = CB21838927227A2600FBC792 /* HomeView.swift */; };
		CB21838E27227B6600FBC792 /* TweetTableViewCell.swift in Sources */ = {isa = PBXBuildFile; fileRef = CB21838D27227B6600FBC792 /* TweetTableViewCell.swift */; };
		CB219CD127335B2000E47596 /* GoogleService-Info.plist in Resources */ = {isa = PBXBuildFile; fileRef = CB219CD027335B2000E47596 /* GoogleService-Info.plist */; };
		CB219CD527335C3A00E47596 /* FirebaseAnalytics in Frameworks */ = {isa = PBXBuildFile; productRef = CB219CD427335C3A00E47596 /* FirebaseAnalytics */; };
		CB219CD727335C3A00E47596 /* FirebaseStorage in Frameworks */ = {isa = PBXBuildFile; productRef = CB219CD627335C3A00E47596 /* FirebaseStorage */; };
		CB219CD927335C3A00E47596 /* FirebaseCrashlytics in Frameworks */ = {isa = PBXBuildFile; productRef = CB219CD827335C3A00E47596 /* FirebaseCrashlytics */; };
		CB219CDC2739E75F00E47596 /* TweetsMapViewController.swift in Sources */ = {isa = PBXBuildFile; fileRef = CB219CDB2739E75F00E47596 /* TweetsMapViewController.swift */; };
		CB219CDF2739E7A200E47596 /* TweetsMapView.swift in Sources */ = {isa = PBXBuildFile; fileRef = CB219CDE2739E7A200E47596 /* TweetsMapView.swift */; };
		CB6E3BCA2732076B007D3F69 /* Kingfisher in Frameworks */ = {isa = PBXBuildFile; productRef = CB6E3BC92732076B007D3F69 /* Kingfisher */; };
		CB6E3BCE273213D8007D3F69 /* CreateTweetView.swift in Sources */ = {isa = PBXBuildFile; fileRef = CB6E3BCD273213D8007D3F69 /* CreateTweetView.swift */; };
		CB6E3BD327321B36007D3F69 /* CreateTweetViewController.swift in Sources */ = {isa = PBXBuildFile; fileRef = CB6E3BD227321B36007D3F69 /* CreateTweetViewController.swift */; };
		CB6E3BD827322797007D3F69 /* JGProgressHUD in Frameworks */ = {isa = PBXBuildFile; productRef = CB6E3BD727322797007D3F69 /* JGProgressHUD */; };
		CB8F5B9C272A291B0078AA61 /* UIImageView.swift in Sources */ = {isa = PBXBuildFile; fileRef = CB8F5B9B272A291B0078AA61 /* UIImageView.swift */; };
		CB958A8926ED4D1400BD71EF /* AppDelegate.swift in Sources */ = {isa = PBXBuildFile; fileRef = CB958A8826ED4D1400BD71EF /* AppDelegate.swift */; };
		CB958A8B26ED4D1400BD71EF /* SceneDelegate.swift in Sources */ = {isa = PBXBuildFile; fileRef = CB958A8A26ED4D1400BD71EF /* SceneDelegate.swift */; };
		CB958A9026ED4D1400BD71EF /* Main.storyboard in Resources */ = {isa = PBXBuildFile; fileRef = CB958A8E26ED4D1400BD71EF /* Main.storyboard */; };
		CB958A9226ED4D1500BD71EF /* Assets.xcassets in Resources */ = {isa = PBXBuildFile; fileRef = CB958A9126ED4D1500BD71EF /* Assets.xcassets */; };
		CB958A9526ED4D1500BD71EF /* LaunchScreen.storyboard in Resources */ = {isa = PBXBuildFile; fileRef = CB958A9326ED4D1500BD71EF /* LaunchScreen.storyboard */; };
		CB958AA126ED4D8400BD71EF /* SplashViewController.swift in Sources */ = {isa = PBXBuildFile; fileRef = CB958AA026ED4D8400BD71EF /* SplashViewController.swift */; };
		CB958AA526ED4DC400BD71EF /* RxSwift in Frameworks */ = {isa = PBXBuildFile; productRef = CB958AA426ED4DC400BD71EF /* RxSwift */; };
		CB958AA726ED4DC400BD71EF /* RxCocoa in Frameworks */ = {isa = PBXBuildFile; productRef = CB958AA626ED4DC400BD71EF /* RxCocoa */; };
		CB958AA926ED4DC400BD71EF /* RxRelay in Frameworks */ = {isa = PBXBuildFile; productRef = CB958AA826ED4DC400BD71EF /* RxRelay */; };
		CB958AAD26ED4DD900BD71EF /* PureLayout in Frameworks */ = {isa = PBXBuildFile; productRef = CB958AAC26ED4DD900BD71EF /* PureLayout */; };
		CB958AB126EEC29400BD71EF /* SplashCoordinator.swift in Sources */ = {isa = PBXBuildFile; fileRef = CB958AB026EEC29400BD71EF /* SplashCoordinator.swift */; };
		CB958AB526EEC37400BD71EF /* LoginView.swift in Sources */ = {isa = PBXBuildFile; fileRef = CB958AB426EEC37400BD71EF /* LoginView.swift */; };
		CB958AB826EEC47200BD71EF /* SignupView.swift in Sources */ = {isa = PBXBuildFile; fileRef = CB958AB726EEC47200BD71EF /* SignupView.swift */; };
		CB958ABB26EEC52900BD71EF /* SplashView.swift in Sources */ = {isa = PBXBuildFile; fileRef = CB958ABA26EEC52900BD71EF /* SplashView.swift */; };
		CB958ABE26EEC7EA00BD71EF /* LoginViewController.swift in Sources */ = {isa = PBXBuildFile; fileRef = CB958ABD26EEC7EA00BD71EF /* LoginViewController.swift */; };
		CB958AC126EEC7FD00BD71EF /* SignupViewController.swift in Sources */ = {isa = PBXBuildFile; fileRef = CB958AC026EEC7FD00BD71EF /* SignupViewController.swift */; };
		CB958AC626EECBCD00BD71EF /* NotificationBannerSwift in Frameworks */ = {isa = PBXBuildFile; productRef = CB958AC526EECBCD00BD71EF /* NotificationBannerSwift */; };
		CB958AD326EECF2300BD71EF /* Service.swift in Sources */ = {isa = PBXBuildFile; fileRef = CB958AD226EECF2300BD71EF /* Service.swift */; };
		CB958AD826EECF7200BD71EF /* Login.swift in Sources */ = {isa = PBXBuildFile; fileRef = CB958AD726EECF7200BD71EF /* Login.swift */; };
		CB958ADB26EECFB800BD71EF /* User.swift in Sources */ = {isa = PBXBuildFile; fileRef = CB958ADA26EECFB800BD71EF /* User.swift */; };
		CB958ADE26EECFE700BD71EF /* Error.swift in Sources */ = {isa = PBXBuildFile; fileRef = CB958ADD26EECFE700BD71EF /* Error.swift */; };
		CB958AE126EED04E00BD71EF /* Signup.swift in Sources */ = {isa = PBXBuildFile; fileRef = CB958AE026EED04E00BD71EF /* Signup.swift */; };
		CB958AE426EED0C000BD71EF /* Post.swift in Sources */ = {isa = PBXBuildFile; fileRef = CB958AE326EED0C000BD71EF /* Post.swift */; };
/* End PBXBuildFile section */

/* Begin PBXFileReference section */
		CB218362272274F100FBC792 /* SimpleNetworking.swift */ = {isa = PBXFileReference; fileEncoding = 4; lastKnownFileType = sourcecode.swift; path = SimpleNetworking.swift; sourceTree = "<group>"; };
		CB218364272274F100FBC792 /* SN+DeleteMethods.swift */ = {isa = PBXFileReference; fileEncoding = 4; lastKnownFileType = sourcecode.swift; path = "SN+DeleteMethods.swift"; sourceTree = "<group>"; };
		CB218365272274F100FBC792 /* SN+PostMethods.swift */ = {isa = PBXFileReference; fileEncoding = 4; lastKnownFileType = sourcecode.swift; path = "SN+PostMethods.swift"; sourceTree = "<group>"; };
		CB218366272274F100FBC792 /* Encodable+Extensions.swift */ = {isa = PBXFileReference; fileEncoding = 4; lastKnownFileType = sourcecode.swift; path = "Encodable+Extensions.swift"; sourceTree = "<group>"; };
		CB218367272274F100FBC792 /* SN+GetMethods.swift */ = {isa = PBXFileReference; fileEncoding = 4; lastKnownFileType = sourcecode.swift; path = "SN+GetMethods.swift"; sourceTree = "<group>"; };
		CB218368272274F100FBC792 /* SN+PutMethods.swift */ = {isa = PBXFileReference; fileEncoding = 4; lastKnownFileType = sourcecode.swift; path = "SN+PutMethods.swift"; sourceTree = "<group>"; };
		CB218369272274F100FBC792 /* SN.swift */ = {isa = PBXFileReference; fileEncoding = 4; lastKnownFileType = sourcecode.swift; path = SN.swift; sourceTree = "<group>"; };
		CB21836B272274F100FBC792 /* DebugMode.swift */ = {isa = PBXFileReference; fileEncoding = 4; lastKnownFileType = sourcecode.swift; path = DebugMode.swift; sourceTree = "<group>"; };
		CB21836C272274F100FBC792 /* ResultBlocks.swift */ = {isa = PBXFileReference; fileEncoding = 4; lastKnownFileType = sourcecode.swift; path = ResultBlocks.swift; sourceTree = "<group>"; };
		CB21836D272274F100FBC792 /* Validator.swift */ = {isa = PBXFileReference; fileEncoding = 4; lastKnownFileType = sourcecode.swift; path = Validator.swift; sourceTree = "<group>"; };
		CB21836E272274F100FBC792 /* Requests.swift */ = {isa = PBXFileReference; fileEncoding = 4; lastKnownFileType = sourcecode.swift; path = Requests.swift; sourceTree = "<group>"; };
		CB21836F272274F100FBC792 /* SSLConfig.swift */ = {isa = PBXFileReference; fileEncoding = 4; lastKnownFileType = sourcecode.swift; path = SSLConfig.swift; sourceTree = "<group>"; };
		CB218370272274F100FBC792 /* NSURLSessionPinningDelegate.swift */ = {isa = PBXFileReference; fileEncoding = 4; lastKnownFileType = sourcecode.swift; path = NSURLSessionPinningDelegate.swift; sourceTree = "<group>"; };
		CB218371272274F100FBC792 /* Thread.swift */ = {isa = PBXFileReference; fileEncoding = 4; lastKnownFileType = sourcecode.swift; path = Thread.swift; sourceTree = "<group>"; };
		CB218372272274F100FBC792 /* RequestMethodTypes.swift */ = {isa = PBXFileReference; fileEncoding = 4; lastKnownFileType = sourcecode.swift; path = RequestMethodTypes.swift; sourceTree = "<group>"; };
		CB218373272274F100FBC792 /* Errors.swift */ = {isa = PBXFileReference; fileEncoding = 4; lastKnownFileType = sourcecode.swift; path = Errors.swift; sourceTree = "<group>"; };
		CB2183862722764400FBC792 /* HomeViewController.swift */ = {isa = PBXFileReference; lastKnownFileType = sourcecode.swift; path = HomeViewController.swift; sourceTree = "<group>"; };
		CB21838927227A2600FBC792 /* HomeView.swift */ = {isa = PBXFileReference; lastKnownFileType = sourcecode.swift; path = HomeView.swift; sourceTree = "<group>"; };
		CB21838D27227B6600FBC792 /* TweetTableViewCell.swift */ = {isa = PBXFileReference; lastKnownFileType = sourcecode.swift; path = TweetTableViewCell.swift; sourceTree = "<group>"; };
		CB219CD027335B2000E47596 /* GoogleService-Info.plist */ = {isa = PBXFileReference; fileEncoding = 4; lastKnownFileType = text.plist.xml; path = "GoogleService-Info.plist"; sourceTree = "<group>"; };
		CB219CDB2739E75F00E47596 /* TweetsMapViewController.swift */ = {isa = PBXFileReference; lastKnownFileType = sourcecode.swift; path = TweetsMapViewController.swift; sourceTree = "<group>"; };
		CB219CDE2739E7A200E47596 /* TweetsMapView.swift */ = {isa = PBXFileReference; lastKnownFileType = sourcecode.swift; path = TweetsMapView.swift; sourceTree = "<group>"; };
		CB6E3BCD273213D8007D3F69 /* CreateTweetView.swift */ = {isa = PBXFileReference; lastKnownFileType = sourcecode.swift; path = CreateTweetView.swift; sourceTree = "<group>"; };
		CB6E3BD227321B36007D3F69 /* CreateTweetViewController.swift */ = {isa = PBXFileReference; lastKnownFileType = sourcecode.swift; path = CreateTweetViewController.swift; sourceTree = "<group>"; };
		CB8F5B9B272A291B0078AA61 /* UIImageView.swift */ = {isa = PBXFileReference; lastKnownFileType = sourcecode.swift; path = UIImageView.swift; sourceTree = "<group>"; };
		CB958A8526ED4D1400BD71EF /* PlatziTweets.app */ = {isa = PBXFileReference; explicitFileType = wrapper.application; includeInIndex = 0; path = PlatziTweets.app; sourceTree = BUILT_PRODUCTS_DIR; };
		CB958A8826ED4D1400BD71EF /* AppDelegate.swift */ = {isa = PBXFileReference; lastKnownFileType = sourcecode.swift; path = AppDelegate.swift; sourceTree = "<group>"; };
		CB958A8A26ED4D1400BD71EF /* SceneDelegate.swift */ = {isa = PBXFileReference; lastKnownFileType = sourcecode.swift; path = SceneDelegate.swift; sourceTree = "<group>"; };
		CB958A8F26ED4D1400BD71EF /* Base */ = {isa = PBXFileReference; lastKnownFileType = file.storyboard; name = Base; path = Base.lproj/Main.storyboard; sourceTree = "<group>"; };
		CB958A9126ED4D1500BD71EF /* Assets.xcassets */ = {isa = PBXFileReference; lastKnownFileType = folder.assetcatalog; path = Assets.xcassets; sourceTree = "<group>"; };
		CB958A9426ED4D1500BD71EF /* Base */ = {isa = PBXFileReference; lastKnownFileType = file.storyboard; name = Base; path = Base.lproj/LaunchScreen.storyboard; sourceTree = "<group>"; };
		CB958A9626ED4D1500BD71EF /* Info.plist */ = {isa = PBXFileReference; lastKnownFileType = text.plist.xml; path = Info.plist; sourceTree = "<group>"; };
		CB958AA026ED4D8400BD71EF /* SplashViewController.swift */ = {isa = PBXFileReference; lastKnownFileType = sourcecode.swift; path = SplashViewController.swift; sourceTree = "<group>"; };
		CB958AB026EEC29400BD71EF /* SplashCoordinator.swift */ = {isa = PBXFileReference; lastKnownFileType = sourcecode.swift; path = SplashCoordinator.swift; sourceTree = "<group>"; };
		CB958AB426EEC37400BD71EF /* LoginView.swift */ = {isa = PBXFileReference; lastKnownFileType = sourcecode.swift; path = LoginView.swift; sourceTree = "<group>"; };
		CB958AB726EEC47200BD71EF /* SignupView.swift */ = {isa = PBXFileReference; lastKnownFileType = sourcecode.swift; path = SignupView.swift; sourceTree = "<group>"; };
		CB958ABA26EEC52900BD71EF /* SplashView.swift */ = {isa = PBXFileReference; lastKnownFileType = sourcecode.swift; path = SplashView.swift; sourceTree = "<group>"; };
		CB958ABD26EEC7EA00BD71EF /* LoginViewController.swift */ = {isa = PBXFileReference; lastKnownFileType = sourcecode.swift; path = LoginViewController.swift; sourceTree = "<group>"; };
		CB958AC026EEC7FD00BD71EF /* SignupViewController.swift */ = {isa = PBXFileReference; lastKnownFileType = sourcecode.swift; path = SignupViewController.swift; sourceTree = "<group>"; };
		CB958AD226EECF2300BD71EF /* Service.swift */ = {isa = PBXFileReference; lastKnownFileType = sourcecode.swift; path = Service.swift; sourceTree = "<group>"; };
		CB958AD726EECF7200BD71EF /* Login.swift */ = {isa = PBXFileReference; lastKnownFileType = sourcecode.swift; path = Login.swift; sourceTree = "<group>"; };
		CB958ADA26EECFB800BD71EF /* User.swift */ = {isa = PBXFileReference; lastKnownFileType = sourcecode.swift; path = User.swift; sourceTree = "<group>"; };
		CB958ADD26EECFE700BD71EF /* Error.swift */ = {isa = PBXFileReference; lastKnownFileType = sourcecode.swift; path = Error.swift; sourceTree = "<group>"; };
		CB958AE026EED04E00BD71EF /* Signup.swift */ = {isa = PBXFileReference; lastKnownFileType = sourcecode.swift; path = Signup.swift; sourceTree = "<group>"; };
		CB958AE326EED0C000BD71EF /* Post.swift */ = {isa = PBXFileReference; lastKnownFileType = sourcecode.swift; path = Post.swift; sourceTree = "<group>"; };
/* End PBXFileReference section */

/* Begin PBXFrameworksBuildPhase section */
		CB958A8226ED4D1400BD71EF /* Frameworks */ = {
			isa = PBXFrameworksBuildPhase;
			buildActionMask = 2147483647;
			files = (
				CB958AAD26ED4DD900BD71EF /* PureLayout in Frameworks */,
				CB1DB8FF26F019C800C5B182 /* Alamofire in Frameworks */,
				CB6E3BCA2732076B007D3F69 /* Kingfisher in Frameworks */,
				CB219CD727335C3A00E47596 /* FirebaseStorage in Frameworks */,
				CB958AA926ED4DC400BD71EF /* RxRelay in Frameworks */,
				CB219CD927335C3A00E47596 /* FirebaseCrashlytics in Frameworks */,
				CB6E3BD827322797007D3F69 /* JGProgressHUD in Frameworks */,
				CB958AA726ED4DC400BD71EF /* RxCocoa in Frameworks */,
				CB958AC626EECBCD00BD71EF /* NotificationBannerSwift in Frameworks */,
				CB958AA526ED4DC400BD71EF /* RxSwift in Frameworks */,
				CB219CD527335C3A00E47596 /* FirebaseAnalytics in Frameworks */,
			);
			runOnlyForDeploymentPostprocessing = 0;
		};
/* End PBXFrameworksBuildPhase section */

/* Begin PBXGroup section */
		CB218361272274D000FBC792 /* Networking */ = {
			isa = PBXGroup;
			children = (
				CB218363272274F100FBC792 /* Extensions */,
				CB21836A272274F100FBC792 /* Helpers */,
				CB218362272274F100FBC792 /* SimpleNetworking.swift */,
				CB218369272274F100FBC792 /* SN.swift */,
			);
			path = Networking;
			sourceTree = "<group>";
		};
		CB218363272274F100FBC792 /* Extensions */ = {
			isa = PBXGroup;
			children = (
				CB218364272274F100FBC792 /* SN+DeleteMethods.swift */,
				CB218365272274F100FBC792 /* SN+PostMethods.swift */,
				CB218366272274F100FBC792 /* Encodable+Extensions.swift */,
				CB218367272274F100FBC792 /* SN+GetMethods.swift */,
				CB218368272274F100FBC792 /* SN+PutMethods.swift */,
			);
			path = Extensions;
			sourceTree = "<group>";
		};
		CB21836A272274F100FBC792 /* Helpers */ = {
			isa = PBXGroup;
			children = (
				CB21836B272274F100FBC792 /* DebugMode.swift */,
				CB21836C272274F100FBC792 /* ResultBlocks.swift */,
				CB21836D272274F100FBC792 /* Validator.swift */,
				CB21836E272274F100FBC792 /* Requests.swift */,
				CB21836F272274F100FBC792 /* SSLConfig.swift */,
				CB218370272274F100FBC792 /* NSURLSessionPinningDelegate.swift */,
				CB218371272274F100FBC792 /* Thread.swift */,
				CB218372272274F100FBC792 /* RequestMethodTypes.swift */,
				CB218373272274F100FBC792 /* Errors.swift */,
			);
			path = Helpers;
			sourceTree = "<group>";
		};
		CB6E3BCC273213BB007D3F69 /* Tweet */ = {
			isa = PBXGroup;
			children = (
				CB6E3BCD273213D8007D3F69 /* CreateTweetView.swift */,
			);
			path = Tweet;
			sourceTree = "<group>";
		};
		CB6E3BD127321B28007D3F69 /* Tweet */ = {
			isa = PBXGroup;
			children = (
				CB6E3BD227321B36007D3F69 /* CreateTweetViewController.swift */,
			);
			path = Tweet;
			sourceTree = "<group>";
		};
		CB8F5B9A272A290F0078AA61 /* Extensions */ = {
			isa = PBXGroup;
			children = (
				CB8F5B9B272A291B0078AA61 /* UIImageView.swift */,
			);
			path = Extensions;
			sourceTree = "<group>";
		};
		CB958A7C26ED4D1400BD71EF = {
			isa = PBXGroup;
			children = (
				CB958A8726ED4D1400BD71EF /* PlatziTweets */,
				CB958A8626ED4D1400BD71EF /* Products */,
			);
			sourceTree = "<group>";
		};
		CB958A8626ED4D1400BD71EF /* Products */ = {
			isa = PBXGroup;
			children = (
				CB958A8526ED4D1400BD71EF /* PlatziTweets.app */,
			);
			name = Products;
			sourceTree = "<group>";
		};
		CB958A8726ED4D1400BD71EF /* PlatziTweets */ = {
			isa = PBXGroup;
			children = (
				CB958A9D26ED4D5400BD71EF /* Application */,
				CB958AD126EECF0200BD71EF /* Data */,
				CB218361272274D000FBC792 /* Networking */,
				CB958A9E26ED4D5900BD71EF /* View */,
				CB958A9F26ED4D6100BD71EF /* ViewModel */,
				CB8F5B9A272A290F0078AA61 /* Extensions */,
				CB958A8826ED4D1400BD71EF /* AppDelegate.swift */,
				CB958A8A26ED4D1400BD71EF /* SceneDelegate.swift */,
				CB958A8E26ED4D1400BD71EF /* Main.storyboard */,
				CB958A9126ED4D1500BD71EF /* Assets.xcassets */,
				CB958A9326ED4D1500BD71EF /* LaunchScreen.storyboard */,
				CB958A9626ED4D1500BD71EF /* Info.plist */,
				CB219CD027335B2000E47596 /* GoogleService-Info.plist */,
			);
			path = PlatziTweets;
			sourceTree = "<group>";
		};
		CB958A9D26ED4D5400BD71EF /* Application */ = {
			isa = PBXGroup;
			children = (
				CB6E3BD127321B28007D3F69 /* Tweet */,
				CB958ACB26EECE1400BD71EF /* Signup */,
				CB958ACA26EECE0F00BD71EF /* Login */,
				CB958AC926EECE0A00BD71EF /* Splash */,
				CB958AC826EECDF400BD71EF /* Home */,
			);
			path = Application;
			sourceTree = "<group>";
		};
		CB958A9E26ED4D5900BD71EF /* View */ = {
			isa = PBXGroup;
			children = (
				CB6E3BCC273213BB007D3F69 /* Tweet */,
				CB958ACF26EECE4100BD71EF /* Home */,
				CB958ACE26EECE3200BD71EF /* Splash */,
				CB958ACD26EECE2D00BD71EF /* Login */,
				CB958ACC26EECE2300BD71EF /* Signup */,
			);
			path = View;
			sourceTree = "<group>";
		};
		CB958A9F26ED4D6100BD71EF /* ViewModel */ = {
			isa = PBXGroup;
			children = (
			);
			path = ViewModel;
			sourceTree = "<group>";
		};
		CB958AC826EECDF400BD71EF /* Home */ = {
			isa = PBXGroup;
			children = (
				CB2183862722764400FBC792 /* HomeViewController.swift */,
				CB219CDB2739E75F00E47596 /* TweetsMapViewController.swift */,
			);
			path = Home;
			sourceTree = "<group>";
		};
		CB958AC926EECE0A00BD71EF /* Splash */ = {
			isa = PBXGroup;
			children = (
				CB958AB026EEC29400BD71EF /* SplashCoordinator.swift */,
				CB958AA026ED4D8400BD71EF /* SplashViewController.swift */,
			);
			path = Splash;
			sourceTree = "<group>";
		};
		CB958ACA26EECE0F00BD71EF /* Login */ = {
			isa = PBXGroup;
			children = (
				CB958ABD26EEC7EA00BD71EF /* LoginViewController.swift */,
			);
			path = Login;
			sourceTree = "<group>";
		};
		CB958ACB26EECE1400BD71EF /* Signup */ = {
			isa = PBXGroup;
			children = (
				CB958AC026EEC7FD00BD71EF /* SignupViewController.swift */,
			);
			path = Signup;
			sourceTree = "<group>";
		};
		CB958ACC26EECE2300BD71EF /* Signup */ = {
			isa = PBXGroup;
			children = (
				CB958AB726EEC47200BD71EF /* SignupView.swift */,
			);
			path = Signup;
			sourceTree = "<group>";
		};
		CB958ACD26EECE2D00BD71EF /* Login */ = {
			isa = PBXGroup;
			children = (
				CB958AB426EEC37400BD71EF /* LoginView.swift */,
			);
			path = Login;
			sourceTree = "<group>";
		};
		CB958ACE26EECE3200BD71EF /* Splash */ = {
			isa = PBXGroup;
			children = (
				CB958ABA26EEC52900BD71EF /* SplashView.swift */,
			);
			path = Splash;
			sourceTree = "<group>";
		};
		CB958ACF26EECE4100BD71EF /* Home */ = {
			isa = PBXGroup;
			children = (
				CB21838927227A2600FBC792 /* HomeView.swift */,
				CB21838D27227B6600FBC792 /* TweetTableViewCell.swift */,
				CB219CDE2739E7A200E47596 /* TweetsMapView.swift */,
			);
			path = Home;
			sourceTree = "<group>";
		};
		CB958AD126EECF0200BD71EF /* Data */ = {
			isa = PBXGroup;
			children = (
				CB958AD226EECF2300BD71EF /* Service.swift */,
				CB958AD726EECF7200BD71EF /* Login.swift */,
				CB958ADA26EECFB800BD71EF /* User.swift */,
				CB958ADD26EECFE700BD71EF /* Error.swift */,
				CB958AE026EED04E00BD71EF /* Signup.swift */,
				CB958AE326EED0C000BD71EF /* Post.swift */,
			);
			path = Data;
			sourceTree = "<group>";
		};
/* End PBXGroup section */

/* Begin PBXNativeTarget section */
		CB958A8426ED4D1400BD71EF /* PlatziTweets */ = {
			isa = PBXNativeTarget;
			buildConfigurationList = CB958A9926ED4D1500BD71EF /* Build configuration list for PBXNativeTarget "PlatziTweets" */;
			buildPhases = (
				CB958A8126ED4D1400BD71EF /* Sources */,
				CB958A8226ED4D1400BD71EF /* Frameworks */,
				CB958A8326ED4D1400BD71EF /* Resources */,
			);
			buildRules = (
			);
			dependencies = (
			);
			name = PlatziTweets;
			packageProductDependencies = (
				CB958AA426ED4DC400BD71EF /* RxSwift */,
				CB958AA626ED4DC400BD71EF /* RxCocoa */,
				CB958AA826ED4DC400BD71EF /* RxRelay */,
				CB958AAC26ED4DD900BD71EF /* PureLayout */,
				CB958AC526EECBCD00BD71EF /* NotificationBannerSwift */,
				CB1DB8FE26F019C800C5B182 /* Alamofire */,
				CB6E3BC92732076B007D3F69 /* Kingfisher */,
				CB6E3BD727322797007D3F69 /* JGProgressHUD */,
				CB219CD427335C3A00E47596 /* FirebaseAnalytics */,
				CB219CD627335C3A00E47596 /* FirebaseStorage */,
				CB219CD827335C3A00E47596 /* FirebaseCrashlytics */,
			);
			productName = PlatziTweets;
			productReference = CB958A8526ED4D1400BD71EF /* PlatziTweets.app */;
			productType = "com.apple.product-type.application";
		};
/* End PBXNativeTarget section */

/* Begin PBXProject section */
		CB958A7D26ED4D1400BD71EF /* Project object */ = {
			isa = PBXProject;
			attributes = {
				LastSwiftUpdateCheck = 1230;
				LastUpgradeCheck = 1230;
				TargetAttributes = {
					CB958A8426ED4D1400BD71EF = {
						CreatedOnToolsVersion = 12.3;
					};
				};
			};
			buildConfigurationList = CB958A8026ED4D1400BD71EF /* Build configuration list for PBXProject "PlatziTweets" */;
			compatibilityVersion = "Xcode 9.3";
			developmentRegion = en;
			hasScannedForEncodings = 0;
			knownRegions = (
				en,
				Base,
			);
			mainGroup = CB958A7C26ED4D1400BD71EF;
			packageReferences = (
				CB958AA326ED4DC400BD71EF /* XCRemoteSwiftPackageReference "RxSwift" */,
				CB958AAB26ED4DD900BD71EF /* XCRemoteSwiftPackageReference "PureLayout" */,
				CB958AC426EECBCD00BD71EF /* XCRemoteSwiftPackageReference "NotificationBanner" */,
				CB1DB8FD26F019C800C5B182 /* XCRemoteSwiftPackageReference "Alamofire" */,
				CB6E3BC82732076B007D3F69 /* XCRemoteSwiftPackageReference "Kingfisher" */,
				CB6E3BD627322797007D3F69 /* XCRemoteSwiftPackageReference "JGProgressHUD" */,
				CB219CD327335C3A00E47596 /* XCRemoteSwiftPackageReference "firebase-ios-sdk" */,
			);
			productRefGroup = CB958A8626ED4D1400BD71EF /* Products */;
			projectDirPath = "";
			projectRoot = "";
			targets = (
				CB958A8426ED4D1400BD71EF /* PlatziTweets */,
			);
		};
/* End PBXProject section */

/* Begin PBXResourcesBuildPhase section */
		CB958A8326ED4D1400BD71EF /* Resources */ = {
			isa = PBXResourcesBuildPhase;
			buildActionMask = 2147483647;
			files = (
				CB958A9526ED4D1500BD71EF /* LaunchScreen.storyboard in Resources */,
				CB219CD127335B2000E47596 /* GoogleService-Info.plist in Resources */,
				CB958A9226ED4D1500BD71EF /* Assets.xcassets in Resources */,
				CB958A9026ED4D1400BD71EF /* Main.storyboard in Resources */,
			);
			runOnlyForDeploymentPostprocessing = 0;
		};
/* End PBXResourcesBuildPhase section */

/* Begin PBXSourcesBuildPhase section */
		CB958A8126ED4D1400BD71EF /* Sources */ = {
			isa = PBXSourcesBuildPhase;
			buildActionMask = 2147483647;
			files = (
				CB958AC126EEC7FD00BD71EF /* SignupViewController.swift in Sources */,
				CB219CDC2739E75F00E47596 /* TweetsMapViewController.swift in Sources */,
				CB21838E27227B6600FBC792 /* TweetTableViewCell.swift in Sources */,
				CB218379272274F100FBC792 /* SN+PutMethods.swift in Sources */,
				CB21837C272274F100FBC792 /* ResultBlocks.swift in Sources */,
				CB21837A272274F100FBC792 /* SN.swift in Sources */,
				CB958AB826EEC47200BD71EF /* SignupView.swift in Sources */,
				CB219CDF2739E7A200E47596 /* TweetsMapView.swift in Sources */,
				CB21837F272274F100FBC792 /* SSLConfig.swift in Sources */,
				CB218375272274F100FBC792 /* SN+DeleteMethods.swift in Sources */,
				CB218377272274F100FBC792 /* Encodable+Extensions.swift in Sources */,
				CB21837B272274F100FBC792 /* DebugMode.swift in Sources */,
				CB6E3BD327321B36007D3F69 /* CreateTweetViewController.swift in Sources */,
				CB958AA126ED4D8400BD71EF /* SplashViewController.swift in Sources */,
				CB218374272274F100FBC792 /* SimpleNetworking.swift in Sources */,
				CB218378272274F100FBC792 /* SN+GetMethods.swift in Sources */,
				CB958ADE26EECFE700BD71EF /* Error.swift in Sources */,
				CB218383272274F100FBC792 /* Errors.swift in Sources */,
				CB958AB126EEC29400BD71EF /* SplashCoordinator.swift in Sources */,
				CB8F5B9C272A291B0078AA61 /* UIImageView.swift in Sources */,
				CB958A8926ED4D1400BD71EF /* AppDelegate.swift in Sources */,
				CB958AE426EED0C000BD71EF /* Post.swift in Sources */,
				CB218381272274F100FBC792 /* Thread.swift in Sources */,
				CB958AD326EECF2300BD71EF /* Service.swift in Sources */,
				CB958AE126EED04E00BD71EF /* Signup.swift in Sources */,
				CB218380272274F100FBC792 /* NSURLSessionPinningDelegate.swift in Sources */,
				CB21837E272274F100FBC792 /* Requests.swift in Sources */,
				CB218376272274F100FBC792 /* SN+PostMethods.swift in Sources */,
				CB958ABE26EEC7EA00BD71EF /* LoginViewController.swift in Sources */,
				CB958AB526EEC37400BD71EF /* LoginView.swift in Sources */,
				CB958ADB26EECFB800BD71EF /* User.swift in Sources */,
				CB958A8B26ED4D1400BD71EF /* SceneDelegate.swift in Sources */,
				CB21838A27227A2600FBC792 /* HomeView.swift in Sources */,
				CB2183872722764400FBC792 /* HomeViewController.swift in Sources */,
				CB21837D272274F100FBC792 /* Validator.swift in Sources */,
				CB6E3BCE273213D8007D3F69 /* CreateTweetView.swift in Sources */,
				CB958AD826EECF7200BD71EF /* Login.swift in Sources */,
				CB218382272274F100FBC792 /* RequestMethodTypes.swift in Sources */,
				CB958ABB26EEC52900BD71EF /* SplashView.swift in Sources */,
			);
			runOnlyForDeploymentPostprocessing = 0;
		};
/* End PBXSourcesBuildPhase section */

/* Begin PBXVariantGroup section */
		CB958A8E26ED4D1400BD71EF /* Main.storyboard */ = {
			isa = PBXVariantGroup;
			children = (
				CB958A8F26ED4D1400BD71EF /* Base */,
			);
			name = Main.storyboard;
			sourceTree = "<group>";
		};
		CB958A9326ED4D1500BD71EF /* LaunchScreen.storyboard */ = {
			isa = PBXVariantGroup;
			children = (
				CB958A9426ED4D1500BD71EF /* Base */,
			);
			name = LaunchScreen.storyboard;
			sourceTree = "<group>";
		};
/* End PBXVariantGroup section */

/* Begin XCBuildConfiguration section */
		CB958A9726ED4D1500BD71EF /* Debug */ = {
			isa = XCBuildConfiguration;
			buildSettings = {
				ALWAYS_SEARCH_USER_PATHS = NO;
				CLANG_ANALYZER_NONNULL = YES;
				CLANG_ANALYZER_NUMBER_OBJECT_CONVERSION = YES_AGGRESSIVE;
				CLANG_CXX_LANGUAGE_STANDARD = "gnu++14";
				CLANG_CXX_LIBRARY = "libc++";
				CLANG_ENABLE_MODULES = YES;
				CLANG_ENABLE_OBJC_ARC = YES;
				CLANG_ENABLE_OBJC_WEAK = YES;
				CLANG_WARN_BLOCK_CAPTURE_AUTORELEASING = YES;
				CLANG_WARN_BOOL_CONVERSION = YES;
				CLANG_WARN_COMMA = YES;
				CLANG_WARN_CONSTANT_CONVERSION = YES;
				CLANG_WARN_DEPRECATED_OBJC_IMPLEMENTATIONS = YES;
				CLANG_WARN_DIRECT_OBJC_ISA_USAGE = YES_ERROR;
				CLANG_WARN_DOCUMENTATION_COMMENTS = YES;
				CLANG_WARN_EMPTY_BODY = YES;
				CLANG_WARN_ENUM_CONVERSION = YES;
				CLANG_WARN_INFINITE_RECURSION = YES;
				CLANG_WARN_INT_CONVERSION = YES;
				CLANG_WARN_NON_LITERAL_NULL_CONVERSION = YES;
				CLANG_WARN_OBJC_IMPLICIT_RETAIN_SELF = YES;
				CLANG_WARN_OBJC_LITERAL_CONVERSION = YES;
				CLANG_WARN_OBJC_ROOT_CLASS = YES_ERROR;
				CLANG_WARN_QUOTED_INCLUDE_IN_FRAMEWORK_HEADER = YES;
				CLANG_WARN_RANGE_LOOP_ANALYSIS = YES;
				CLANG_WARN_STRICT_PROTOTYPES = YES;
				CLANG_WARN_SUSPICIOUS_MOVE = YES;
				CLANG_WARN_UNGUARDED_AVAILABILITY = YES_AGGRESSIVE;
				CLANG_WARN_UNREACHABLE_CODE = YES;
				CLANG_WARN__DUPLICATE_METHOD_MATCH = YES;
				COPY_PHASE_STRIP = NO;
				DEBUG_INFORMATION_FORMAT = dwarf;
				ENABLE_STRICT_OBJC_MSGSEND = YES;
				ENABLE_TESTABILITY = YES;
				GCC_C_LANGUAGE_STANDARD = gnu11;
				GCC_DYNAMIC_NO_PIC = NO;
				GCC_NO_COMMON_BLOCKS = YES;
				GCC_OPTIMIZATION_LEVEL = 0;
				GCC_PREPROCESSOR_DEFINITIONS = (
					"DEBUG=1",
					"$(inherited)",
				);
				GCC_WARN_64_TO_32_BIT_CONVERSION = YES;
				GCC_WARN_ABOUT_RETURN_TYPE = YES_ERROR;
				GCC_WARN_UNDECLARED_SELECTOR = YES;
				GCC_WARN_UNINITIALIZED_AUTOS = YES_AGGRESSIVE;
				GCC_WARN_UNUSED_FUNCTION = YES;
				GCC_WARN_UNUSED_VARIABLE = YES;
				IPHONEOS_DEPLOYMENT_TARGET = 14.3;
				MTL_ENABLE_DEBUG_INFO = INCLUDE_SOURCE;
				MTL_FAST_MATH = YES;
				ONLY_ACTIVE_ARCH = YES;
				SDKROOT = iphoneos;
				SWIFT_ACTIVE_COMPILATION_CONDITIONS = DEBUG;
				SWIFT_OPTIMIZATION_LEVEL = "-Onone";
			};
			name = Debug;
		};
		CB958A9826ED4D1500BD71EF /* Release */ = {
			isa = XCBuildConfiguration;
			buildSettings = {
				ALWAYS_SEARCH_USER_PATHS = NO;
				CLANG_ANALYZER_NONNULL = YES;
				CLANG_ANALYZER_NUMBER_OBJECT_CONVERSION = YES_AGGRESSIVE;
				CLANG_CXX_LANGUAGE_STANDARD = "gnu++14";
				CLANG_CXX_LIBRARY = "libc++";
				CLANG_ENABLE_MODULES = YES;
				CLANG_ENABLE_OBJC_ARC = YES;
				CLANG_ENABLE_OBJC_WEAK = YES;
				CLANG_WARN_BLOCK_CAPTURE_AUTORELEASING = YES;
				CLANG_WARN_BOOL_CONVERSION = YES;
				CLANG_WARN_COMMA = YES;
				CLANG_WARN_CONSTANT_CONVERSION = YES;
				CLANG_WARN_DEPRECATED_OBJC_IMPLEMENTATIONS = YES;
				CLANG_WARN_DIRECT_OBJC_ISA_USAGE = YES_ERROR;
				CLANG_WARN_DOCUMENTATION_COMMENTS = YES;
				CLANG_WARN_EMPTY_BODY = YES;
				CLANG_WARN_ENUM_CONVERSION = YES;
				CLANG_WARN_INFINITE_RECURSION = YES;
				CLANG_WARN_INT_CONVERSION = YES;
				CLANG_WARN_NON_LITERAL_NULL_CONVERSION = YES;
				CLANG_WARN_OBJC_IMPLICIT_RETAIN_SELF = YES;
				CLANG_WARN_OBJC_LITERAL_CONVERSION = YES;
				CLANG_WARN_OBJC_ROOT_CLASS = YES_ERROR;
				CLANG_WARN_QUOTED_INCLUDE_IN_FRAMEWORK_HEADER = YES;
				CLANG_WARN_RANGE_LOOP_ANALYSIS = YES;
				CLANG_WARN_STRICT_PROTOTYPES = YES;
				CLANG_WARN_SUSPICIOUS_MOVE = YES;
				CLANG_WARN_UNGUARDED_AVAILABILITY = YES_AGGRESSIVE;
				CLANG_WARN_UNREACHABLE_CODE = YES;
				CLANG_WARN__DUPLICATE_METHOD_MATCH = YES;
				COPY_PHASE_STRIP = NO;
				DEBUG_INFORMATION_FORMAT = "dwarf-with-dsym";
				ENABLE_NS_ASSERTIONS = NO;
				ENABLE_STRICT_OBJC_MSGSEND = YES;
				GCC_C_LANGUAGE_STANDARD = gnu11;
				GCC_NO_COMMON_BLOCKS = YES;
				GCC_WARN_64_TO_32_BIT_CONVERSION = YES;
				GCC_WARN_ABOUT_RETURN_TYPE = YES_ERROR;
				GCC_WARN_UNDECLARED_SELECTOR = YES;
				GCC_WARN_UNINITIALIZED_AUTOS = YES_AGGRESSIVE;
				GCC_WARN_UNUSED_FUNCTION = YES;
				GCC_WARN_UNUSED_VARIABLE = YES;
				IPHONEOS_DEPLOYMENT_TARGET = 14.3;
				MTL_ENABLE_DEBUG_INFO = NO;
				MTL_FAST_MATH = YES;
				SDKROOT = iphoneos;
				SWIFT_COMPILATION_MODE = wholemodule;
				SWIFT_OPTIMIZATION_LEVEL = "-O";
				VALIDATE_PRODUCT = YES;
			};
			name = Release;
		};
		CB958A9A26ED4D1500BD71EF /* Debug */ = {
			isa = XCBuildConfiguration;
			buildSettings = {
				ASSETCATALOG_COMPILER_APPICON_NAME = AppIcon;
				ASSETCATALOG_COMPILER_GLOBAL_ACCENT_COLOR_NAME = AccentColor;
				CODE_SIGN_STYLE = Automatic;
				INFOPLIST_FILE = PlatziTweets/Info.plist;
				IPHONEOS_DEPLOYMENT_TARGET = 13.0;
				LD_RUNPATH_SEARCH_PATHS = (
					"$(inherited)",
					"@executable_path/Frameworks",
				);
				PRODUCT_BUNDLE_IDENTIFIER = com.pankecho.PlatziTweets;
				PRODUCT_NAME = "$(TARGET_NAME)";
				SWIFT_VERSION = 5.0;
				TARGETED_DEVICE_FAMILY = 1;
			};
			name = Debug;
		};
		CB958A9B26ED4D1500BD71EF /* Release */ = {
			isa = XCBuildConfiguration;
			buildSettings = {
				ASSETCATALOG_COMPILER_APPICON_NAME = AppIcon;
				ASSETCATALOG_COMPILER_GLOBAL_ACCENT_COLOR_NAME = AccentColor;
				CODE_SIGN_STYLE = Automatic;
				INFOPLIST_FILE = PlatziTweets/Info.plist;
				IPHONEOS_DEPLOYMENT_TARGET = 13.0;
				LD_RUNPATH_SEARCH_PATHS = (
					"$(inherited)",
					"@executable_path/Frameworks",
				);
				PRODUCT_BUNDLE_IDENTIFIER = com.pankecho.PlatziTweets;
				PRODUCT_NAME = "$(TARGET_NAME)";
				SWIFT_VERSION = 5.0;
				TARGETED_DEVICE_FAMILY = 1;
			};
			name = Release;
		};
/* End XCBuildConfiguration section */

/* Begin XCConfigurationList section */
		CB958A8026ED4D1400BD71EF /* Build configuration list for PBXProject "PlatziTweets" */ = {
			isa = XCConfigurationList;
			buildConfigurations = (
				CB958A9726ED4D1500BD71EF /* Debug */,
				CB958A9826ED4D1500BD71EF /* Release */,
			);
			defaultConfigurationIsVisible = 0;
			defaultConfigurationName = Release;
		};
		CB958A9926ED4D1500BD71EF /* Build configuration list for PBXNativeTarget "PlatziTweets" */ = {
			isa = XCConfigurationList;
			buildConfigurations = (
				CB958A9A26ED4D1500BD71EF /* Debug */,
				CB958A9B26ED4D1500BD71EF /* Release */,
			);
			defaultConfigurationIsVisible = 0;
			defaultConfigurationName = Release;
		};
/* End XCConfigurationList section */

/* Begin XCRemoteSwiftPackageReference section */
		CB1DB8FD26F019C800C5B182 /* XCRemoteSwiftPackageReference "Alamofire" */ = {
			isa = XCRemoteSwiftPackageReference;
			repositoryURL = "https://github.com/Alamofire/Alamofire";
			requirement = {
				kind = upToNextMajorVersion;
				minimumVersion = 5.4.3;
			};
		};
		CB219CD327335C3A00E47596 /* XCRemoteSwiftPackageReference "firebase-ios-sdk" */ = {
			isa = XCRemoteSwiftPackageReference;
			repositoryURL = "https://github.com/firebase/firebase-ios-sdk.git";
			requirement = {
				kind = upToNextMajorVersion;
				minimumVersion = 8.9.1;
			};
		};
		CB6E3BC82732076B007D3F69 /* XCRemoteSwiftPackageReference "Kingfisher" */ = {
			isa = XCRemoteSwiftPackageReference;
			repositoryURL = "https://github.com/onevcat/Kingfisher";
			requirement = {
				kind = upToNextMajorVersion;
				minimumVersion = 7.1.1;
			};
		};
		CB6E3BD627322797007D3F69 /* XCRemoteSwiftPackageReference "JGProgressHUD" */ = {
			isa = XCRemoteSwiftPackageReference;
			repositoryURL = "https://github.com/JonasGessner/JGProgressHUD";
			requirement = {
				kind = upToNextMajorVersion;
				minimumVersion = 2.2.0;
			};
		};
		CB958AA326ED4DC400BD71EF /* XCRemoteSwiftPackageReference "RxSwift" */ = {
			isa = XCRemoteSwiftPackageReference;
			repositoryURL = "https://github.com/ReactiveX/RxSwift";
			requirement = {
				kind = upToNextMajorVersion;
				minimumVersion = 6.2.0;
			};
		};
		CB958AAB26ED4DD900BD71EF /* XCRemoteSwiftPackageReference "PureLayout" */ = {
			isa = XCRemoteSwiftPackageReference;
			repositoryURL = "https://github.com/PureLayout/PureLayout";
			requirement = {
				kind = upToNextMajorVersion;
				minimumVersion = 3.1.9;
			};
		};
		CB958AC426EECBCD00BD71EF /* XCRemoteSwiftPackageReference "NotificationBanner" */ = {
			isa = XCRemoteSwiftPackageReference;
			repositoryURL = "https://github.com/Daltron/NotificationBanner";
			requirement = {
				kind = upToNextMajorVersion;
				minimumVersion = 3.0.6;
			};
		};
/* End XCRemoteSwiftPackageReference section */

/* Begin XCSwiftPackageProductDependency section */
		CB1DB8FE26F019C800C5B182 /* Alamofire */ = {
			isa = XCSwiftPackageProductDependency;
			package = CB1DB8FD26F019C800C5B182 /* XCRemoteSwiftPackageReference "Alamofire" */;
			productName = Alamofire;
		};
		CB219CD427335C3A00E47596 /* FirebaseAnalytics */ = {
			isa = XCSwiftPackageProductDependency;
			package = CB219CD327335C3A00E47596 /* XCRemoteSwiftPackageReference "firebase-ios-sdk" */;
			productName = FirebaseAnalytics;
		};
		CB219CD627335C3A00E47596 /* FirebaseStorage */ = {
			isa = XCSwiftPackageProductDependency;
			package = CB219CD327335C3A00E47596 /* XCRemoteSwiftPackageReference "firebase-ios-sdk" */;
			productName = FirebaseStorage;
		};
		CB219CD827335C3A00E47596 /* FirebaseCrashlytics */ = {
			isa = XCSwiftPackageProductDependency;
			package = CB219CD327335C3A00E47596 /* XCRemoteSwiftPackageReference "firebase-ios-sdk" */;
			productName = FirebaseCrashlytics;
		};
		CB6E3BC92732076B007D3F69 /* Kingfisher */ = {
			isa = XCSwiftPackageProductDependency;
			package = CB6E3BC82732076B007D3F69 /* XCRemoteSwiftPackageReference "Kingfisher" */;
			productName = Kingfisher;
		};
		CB6E3BD727322797007D3F69 /* JGProgressHUD */ = {
			isa = XCSwiftPackageProductDependency;
			package = CB6E3BD627322797007D3F69 /* XCRemoteSwiftPackageReference "JGProgressHUD" */;
			productName = JGProgressHUD;
		};
		CB958AA426ED4DC400BD71EF /* RxSwift */ = {
			isa = XCSwiftPackageProductDependency;
			package = CB958AA326ED4DC400BD71EF /* XCRemoteSwiftPackageReference "RxSwift" */;
			productName = RxSwift;
		};
		CB958AA626ED4DC400BD71EF /* RxCocoa */ = {
			isa = XCSwiftPackageProductDependency;
			package = CB958AA326ED4DC400BD71EF /* XCRemoteSwiftPackageReference "RxSwift" */;
			productName = RxCocoa;
		};
		CB958AA826ED4DC400BD71EF /* RxRelay */ = {
			isa = XCSwiftPackageProductDependency;
			package = CB958AA326ED4DC400BD71EF /* XCRemoteSwiftPackageReference "RxSwift" */;
			productName = RxRelay;
		};
		CB958AAC26ED4DD900BD71EF /* PureLayout */ = {
			isa = XCSwiftPackageProductDependency;
			package = CB958AAB26ED4DD900BD71EF /* XCRemoteSwiftPackageReference "PureLayout" */;
			productName = PureLayout;
		};
		CB958AC526EECBCD00BD71EF /* NotificationBannerSwift */ = {
			isa = XCSwiftPackageProductDependency;
			package = CB958AC426EECBCD00BD71EF /* XCRemoteSwiftPackageReference "NotificationBanner" */;
			productName = NotificationBannerSwift;
		};
/* End XCSwiftPackageProductDependency section */
	};
	rootObject = CB958A7D26ED4D1400BD71EF /* Project object */;
}
